
Microsoft Visual Studio Solution File, Format Version 12.00
# Visual Studio 15
VisualStudioVersion = 15.0.28307.489
MinimumVisualStudioVersion = 10.0.40219.1
Project("{FAE04EC0-301F-11D3-BF4B-00C04F79EFBC}") = "checkbox 2", "checkbox 2\checkbox 2.csproj", "{303147FA-A230-451B-8A7D-029625A58EDC}"
EndProject
Global
	GlobalSection(SolutionConfigurationPlatforms) = preSolution
		Debug|Any CPU = Debug|Any CPU
		Release|Any CPU = Release|Any CPU
	EndGlobalSection
	GlobalSection(ProjectConfigurationPlatforms) = postSolution
		{303147FA-A230-451B-8A7D-029625A58EDC}.Debug|Any CPU.ActiveCfg = Debug|Any CPU
		{303147FA-A230-451B-8A7D-029625A58EDC}.Debug|Any CPU.Build.0 = Debug|Any CPU
		{303147FA-A230-451B-8A7D-029625A58EDC}.Release|Any CPU.ActiveCfg = Release|Any CPU
		{303147FA-A230-451B-8A7D-029625A58EDC}.Release|Any CPU.Build.0 = Release|Any CPU
	EndGlobalSection
	GlobalSection(SolutionProperties) = preSolution
		HideSolutionNode = FALSE
	EndGlobalSection
	GlobalSection(ExtensibilityGlobals) = postSolution
		SolutionGuid = {0FACA5AF-E953-44E0-9EAA-C59A79D35347}
	EndGlobalSection
EndGlobal
